
Microsoft Visual Studio Solution File, Format Version 12.00
# Visual Studio Version 17
VisualStudioVersion = 17.2.32630.192
MinimumVisualStudioVersion = 10.0.40219.1
Project("{FAE04EC0-301F-11D3-BF4B-00C04F79EFBC}") = "OrderManagement", "OrderManagement\OrderManagement.csproj", "{703511DA-46D0-4444-9122-98B53894C133}"
EndProject
Global
	GlobalSection(SolutionConfigurationPlatforms) = preSolution
		Debug|Any CPU = Debug|Any CPU
		Release|Any CPU = Release|Any CPU
	EndGlobalSection
	GlobalSection(ProjectConfigurationPlatforms) = postSolution
		{703511DA-46D0-4444-9122-98B53894C133}.Debug|Any CPU.ActiveCfg = Debug|Any CPU
		{703511DA-46D0-4444-9122-98B53894C133}.Debug|Any CPU.Build.0 = Debug|Any CPU
		{703511DA-46D0-4444-9122-98B53894C133}.Release|Any CPU.ActiveCfg = Release|Any CPU
		{703511DA-46D0-4444-9122-98B53894C133}.Release|Any CPU.Build.0 = Release|Any CPU
	EndGlobalSection
	GlobalSection(SolutionProperties) = preSolution
		HideSolutionNode = FALSE
	EndGlobalSection
	GlobalSection(ExtensibilityGlobals) = postSolution
		SolutionGuid = {9DAEAE47-704D-42D9-847B-2F733821CD43}
	EndGlobalSection
EndGlobal
